
Microsoft Visual Studio Solution File, Format Version 12.00
# Visual Studio Version 16
VisualStudioVersion = 16.0.30804.86
MinimumVisualStudioVersion = 10.0.40219.1
Project("{FAE04EC0-301F-11D3-BF4B-00C04F79EFBC}") = "Parcial2-ap1-2018-0619", "Parcial2-ap1-2018-0619.csproj", "{F263D760-C56B-47ED-BDB5-5DFAECE65AC9}"
EndProject
Global
	GlobalSection(SolutionConfigurationPlatforms) = preSolution
		Debug|Any CPU = Debug|Any CPU
		Release|Any CPU = Release|Any CPU
	EndGlobalSection
	GlobalSection(ProjectConfigurationPlatforms) = postSolution
		{F263D760-C56B-47ED-BDB5-5DFAECE65AC9}.Debug|Any CPU.ActiveCfg = Debug|Any CPU
		{F263D760-C56B-47ED-BDB5-5DFAECE65AC9}.Debug|Any CPU.Build.0 = Debug|Any CPU
		{F263D760-C56B-47ED-BDB5-5DFAECE65AC9}.Release|Any CPU.ActiveCfg = Release|Any CPU
		{F263D760-C56B-47ED-BDB5-5DFAECE65AC9}.Release|Any CPU.Build.0 = Release|Any CPU
	EndGlobalSection
	GlobalSection(SolutionProperties) = preSolution
		HideSolutionNode = FALSE
	EndGlobalSection
	GlobalSection(ExtensibilityGlobals) = postSolution
		SolutionGuid = {BDCA1069-CA19-4A5F-9978-882C431CD916}
	EndGlobalSection
EndGlobal
